
Microsoft Visual Studio Solution File, Format Version 12.00
# Visual Studio 15
VisualStudioVersion = 15.0.28307.779
MinimumVisualStudioVersion = 10.0.40219.1
Project("{FAE04EC0-301F-11D3-BF4B-00C04F79EFBC}") = "WPFExemplo", "WPFExemplo\WPFExemplo.csproj", "{697BE841-2A38-4FB9-A4A1-0BF45782B188}"
EndProject
Global
	GlobalSection(SolutionConfigurationPlatforms) = preSolution
		Debug|Any CPU = Debug|Any CPU
		Release|Any CPU = Release|Any CPU
	EndGlobalSection
	GlobalSection(ProjectConfigurationPlatforms) = postSolution
		{697BE841-2A38-4FB9-A4A1-0BF45782B188}.Debug|Any CPU.ActiveCfg = Debug|Any CPU
		{697BE841-2A38-4FB9-A4A1-0BF45782B188}.Debug|Any CPU.Build.0 = Debug|Any CPU
		{697BE841-2A38-4FB9-A4A1-0BF45782B188}.Release|Any CPU.ActiveCfg = Release|Any CPU
		{697BE841-2A38-4FB9-A4A1-0BF45782B188}.Release|Any CPU.Build.0 = Release|Any CPU
	EndGlobalSection
	GlobalSection(SolutionProperties) = preSolution
		HideSolutionNode = FALSE
	EndGlobalSection
	GlobalSection(ExtensibilityGlobals) = postSolution
		SolutionGuid = {BAD54507-A48A-4CEA-812A-45C96A52ADE8}
	EndGlobalSection
EndGlobal
